
Microsoft Visual Studio Solution File, Format Version 12.00
# Visual Studio Version 17
VisualStudioVersion = 17.6.33723.286
MinimumVisualStudioVersion = 10.0.40219.1
Project("{FAE04EC0-301F-11D3-BF4B-00C04F79EFBC}") = "Ads.Web", "Ads.Web\Ads.Web.csproj", "{3E370764-1CDB-4AB0-8E4A-FFAC7585BAF9}"
EndProject
Global
	GlobalSection(SolutionConfigurationPlatforms) = preSolution
		Debug|Any CPU = Debug|Any CPU
		Release|Any CPU = Release|Any CPU
	EndGlobalSection
	GlobalSection(ProjectConfigurationPlatforms) = postSolution
		{3E370764-1CDB-4AB0-8E4A-FFAC7585BAF9}.Debug|Any CPU.ActiveCfg = Debug|Any CPU
		{3E370764-1CDB-4AB0-8E4A-FFAC7585BAF9}.Debug|Any CPU.Build.0 = Debug|Any CPU
		{3E370764-1CDB-4AB0-8E4A-FFAC7585BAF9}.Release|Any CPU.ActiveCfg = Release|Any CPU
		{3E370764-1CDB-4AB0-8E4A-FFAC7585BAF9}.Release|Any CPU.Build.0 = Release|Any CPU
	EndGlobalSection
	GlobalSection(SolutionProperties) = preSolution
		HideSolutionNode = FALSE
	EndGlobalSection
	GlobalSection(ExtensibilityGlobals) = postSolution
		SolutionGuid = {1654023C-CFBE-4FA7-AC13-806507633231}
	EndGlobalSection
EndGlobal
